// !$*UTF8*$!
{
	archiveVersion = 1;
	classes = {
	};
	objectVersion = 46;
	objects = {

/* Begin PBXBuildFile section */
		F9087F461B1A37AC00767FD3 /* AppDelegate.swift in Sources */ = {isa = PBXBuildFile; fileRef = F9087F451B1A37AC00767FD3 /* AppDelegate.swift */; };
		F9087F481B1A37AC00767FD3 /* ViewController.swift in Sources */ = {isa = PBXBuildFile; fileRef = F9087F471B1A37AC00767FD3 /* ViewController.swift */; };
		F9087F4B1B1A37AC00767FD3 /* Main.storyboard in Resources */ = {isa = PBXBuildFile; fileRef = F9087F491B1A37AC00767FD3 /* Main.storyboard */; };
		F9087F4D1B1A37AC00767FD3 /* Images.xcassets in Resources */ = {isa = PBXBuildFile; fileRef = F9087F4C1B1A37AC00767FD3 /* Images.xcassets */; };
		F9087F501B1A37AC00767FD3 /* LaunchScreen.xib in Resources */ = {isa = PBXBuildFile; fileRef = F9087F4E1B1A37AC00767FD3 /* LaunchScreen.xib */; };
		F9087F5C1B1A37AC00767FD3 /* NoiseMakerTests.swift in Sources */ = {isa = PBXBuildFile; fileRef = F9087F5B1B1A37AC00767FD3 /* NoiseMakerTests.swift */; };
		F9087F711B1B43A600767FD3 /* applause.wav in Resources */ = {isa = PBXBuildFile; fileRef = F9087F6D1B1B43A600767FD3 /* applause.wav */; };
		F9087F721B1B43A600767FD3 /* bubbles.wav in Resources */ = {isa = PBXBuildFile; fileRef = F9087F6E1B1B43A600767FD3 /* bubbles.wav */; };
		F9087F731B1B43A600767FD3 /* guitar.wav in Resources */ = {isa = PBXBuildFile; fileRef = F9087F6F1B1B43A600767FD3 /* guitar.wav */; };
		F9087F741B1B43A600767FD3 /* monster.wav in Resources */ = {isa = PBXBuildFile; fileRef = F9087F701B1B43A600767FD3 /* monster.wav */; };
		F9087F761B1B5BF400767FD3 /* NoiseMaker.swift in Sources */ = {isa = PBXBuildFile; fileRef = F9087F751B1B5BF400767FD3 /* NoiseMaker.swift */; };
/* End PBXBuildFile section */

/* Begin PBXContainerItemProxy section */
		F9087F561B1A37AC00767FD3 /* PBXContainerItemProxy */ = {
			isa = PBXContainerItemProxy;
			containerPortal = F9087F381B1A37AC00767FD3 /* Project object */;
			proxyType = 1;
			remoteGlobalIDString = F9087F3F1B1A37AC00767FD3;
			remoteInfo = NoiseMaker;
		};
/* End PBXContainerItemProxy section */

/* Begin PBXFileReference section */
		F9087F401B1A37AC00767FD3 /* NoiseMaker.app */ = {isa = PBXFileReference; explicitFileType = wrapper.application; includeInIndex = 0; path = NoiseMaker.app; sourceTree = BUILT_PRODUCTS_DIR; };
		F9087F441B1A37AC00767FD3 /* Info.plist */ = {isa = PBXFileReference; lastKnownFileType = text.plist.xml; path = Info.plist; sourceTree = "<group>"; };
		F9087F451B1A37AC00767FD3 /* AppDelegate.swift */ = {isa = PBXFileReference; lastKnownFileType = sourcecode.swift; path = AppDelegate.swift; sourceTree = "<group>"; };
		F9087F471B1A37AC00767FD3 /* ViewController.swift */ = {isa = PBXFileReference; lastKnownFileType = sourcecode.swift; path = ViewController.swift; sourceTree = "<group>"; };
		F9087F4A1B1A37AC00767FD3 /* Base */ = {isa = PBXFileReference; lastKnownFileType = file.storyboard; name = Base; path = Base.lproj/Main.storyboard; sourceTree = "<group>"; };
		F9087F4C1B1A37AC00767FD3 /* Images.xcassets */ = {isa = PBXFileReference; lastKnownFileType = folder.assetcatalog; path = Images.xcassets; sourceTree = "<group>"; };
		F9087F4F1B1A37AC00767FD3 /* Base */ = {isa = PBXFileReference; lastKnownFileType = file.xib; name = Base; path = Base.lproj/LaunchScreen.xib; sourceTree = "<group>"; };
		F9087F551B1A37AC00767FD3 /* NoiseMakerTests.xctest */ = {isa = PBXFileReference; explicitFileType = wrapper.cfbundle; includeInIndex = 0; path = NoiseMakerTests.xctest; sourceTree = BUILT_PRODUCTS_DIR; };
		F9087F5A1B1A37AC00767FD3 /* Info.plist */ = {isa = PBXFileReference; lastKnownFileType = text.plist.xml; path = Info.plist; sourceTree = "<group>"; };
		F9087F5B1B1A37AC00767FD3 /* NoiseMakerTests.swift */ = {isa = PBXFileReference; lastKnownFileType = sourcecode.swift; path = NoiseMakerTests.swift; sourceTree = "<group>"; };
		F9087F6D1B1B43A600767FD3 /* applause.wav */ = {isa = PBXFileReference; lastKnownFileType = audio.wav; path = applause.wav; sourceTree = "<group>"; };
		F9087F6E1B1B43A600767FD3 /* bubbles.wav */ = {isa = PBXFileReference; lastKnownFileType = audio.wav; path = bubbles.wav; sourceTree = "<group>"; };
		F9087F6F1B1B43A600767FD3 /* guitar.wav */ = {isa = PBXFileReference; lastKnownFileType = audio.wav; path = guitar.wav; sourceTree = "<group>"; };
		F9087F701B1B43A600767FD3 /* monster.wav */ = {isa = PBXFileReference; lastKnownFileType = audio.wav; path = monster.wav; sourceTree = "<group>"; };
		F9087F751B1B5BF400767FD3 /* NoiseMaker.swift */ = {isa = PBXFileReference; fileEncoding = 4; lastKnownFileType = sourcecode.swift; path = NoiseMaker.swift; sourceTree = "<group>"; };
/* End PBXFileReference section */

/* Begin PBXFrameworksBuildPhase section */
		F9087F3D1B1A37AC00767FD3 /* Frameworks */ = {
			isa = PBXFrameworksBuildPhase;
			buildActionMask = 2147483647;
			files = (
			);
			runOnlyForDeploymentPostprocessing = 0;
		};
		F9087F521B1A37AC00767FD3 /* Frameworks */ = {
			isa = PBXFrameworksBuildPhase;
			buildActionMask = 2147483647;
			files = (
			);
			runOnlyForDeploymentPostprocessing = 0;
		};
/* End PBXFrameworksBuildPhase section */

/* Begin PBXGroup section */
		F9087F371B1A37AC00767FD3 = {
			isa = PBXGroup;
			children = (
				F9087F421B1A37AC00767FD3 /* NoiseMaker */,
				F9087F581B1A37AC00767FD3 /* NoiseMakerTests */,
				F9087F411B1A37AC00767FD3 /* Products */,
			);
			sourceTree = "<group>";
		};
		F9087F411B1A37AC00767FD3 /* Products */ = {
			isa = PBXGroup;
			children = (
				F9087F401B1A37AC00767FD3 /* NoiseMaker.app */,
				F9087F551B1A37AC00767FD3 /* NoiseMakerTests.xctest */,
			);
			name = Products;
			sourceTree = "<group>";
		};
		F9087F421B1A37AC00767FD3 /* NoiseMaker */ = {
			isa = PBXGroup;
			children = (
				F9087F451B1A37AC00767FD3 /* AppDelegate.swift */,
				F9087F471B1A37AC00767FD3 /* ViewController.swift */,
				F9087F751B1B5BF400767FD3 /* NoiseMaker.swift */,
				F9087F491B1A37AC00767FD3 /* Main.storyboard */,
				F9087F4C1B1A37AC00767FD3 /* Images.xcassets */,
				F9087F4E1B1A37AC00767FD3 /* LaunchScreen.xib */,
				F9087F431B1A37AC00767FD3 /* Supporting Files */,
			);
			path = NoiseMaker;
			sourceTree = "<group>";
		};
		F9087F431B1A37AC00767FD3 /* Supporting Files */ = {
			isa = PBXGroup;
			children = (
				F9087F6D1B1B43A600767FD3 /* applause.wav */,
				F9087F6E1B1B43A600767FD3 /* bubbles.wav */,
				F9087F6F1B1B43A600767FD3 /* guitar.wav */,
				F9087F701B1B43A600767FD3 /* monster.wav */,
				F9087F441B1A37AC00767FD3 /* Info.plist */,
			);
			name = "Supporting Files";
			sourceTree = "<group>";
		};
		F9087F581B1A37AC00767FD3 /* NoiseMakerTests */ = {
			isa = PBXGroup;
			children = (
				F9087F5B1B1A37AC00767FD3 /* NoiseMakerTests.swift */,
				F9087F591B1A37AC00767FD3 /* Supporting Files */,
			);
			path = NoiseMakerTests;
			sourceTree = "<group>";
		};
		F9087F591B1A37AC00767FD3 /* Supporting Files */ = {
			isa = PBXGroup;
			children = (
				F9087F5A1B1A37AC00767FD3 /* Info.plist */,
			);
			name = "Supporting Files";
			sourceTree = "<group>";
		};
/* End PBXGroup section */

/* Begin PBXNativeTarget section */
		F9087F3F1B1A37AC00767FD3 /* NoiseMaker */ = {
			isa = PBXNativeTarget;
			buildConfigurationList = F9087F5F1B1A37AC00767FD3 /* Build configuration list for PBXNativeTarget "NoiseMaker" */;
			buildPhases = (
				F9087F3C1B1A37AC00767FD3 /* Sources */,
				F9087F3D1B1A37AC00767FD3 /* Frameworks */,
				F9087F3E1B1A37AC00767FD3 /* Resources */,
			);
			buildRules = (
			);
			dependencies = (
			);
			name = NoiseMaker;
			productName = NoiseMaker;
			productReference = F9087F401B1A37AC00767FD3 /* NoiseMaker.app */;
			productType = "com.apple.product-type.application";
		};
		F9087F541B1A37AC00767FD3 /* NoiseMakerTests */ = {
			isa = PBXNativeTarget;
			buildConfigurationList = F9087F621B1A37AC00767FD3 /* Build configuration list for PBXNativeTarget "NoiseMakerTests" */;
			buildPhases = (
				F9087F511B1A37AC00767FD3 /* Sources */,
				F9087F521B1A37AC00767FD3 /* Frameworks */,
				F9087F531B1A37AC00767FD3 /* Resources */,
			);
			buildRules = (
			);
			dependencies = (
				F9087F571B1A37AC00767FD3 /* PBXTargetDependency */,
			);
			name = NoiseMakerTests;
			productName = NoiseMakerTests;
			productReference = F9087F551B1A37AC00767FD3 /* NoiseMakerTests.xctest */;
			productType = "com.apple.product-type.bundle.unit-test";
		};
/* End PBXNativeTarget section */

/* Begin PBXProject section */
		F9087F381B1A37AC00767FD3 /* Project object */ = {
			isa = PBXProject;
			attributes = {
				LastSwiftMigration = 0710;
				LastUpgradeCheck = 0710;
				ORGANIZATIONNAME = "Your School";
				TargetAttributes = {
					F9087F3F1B1A37AC00767FD3 = {
						CreatedOnToolsVersion = 6.3;
					};
					F9087F541B1A37AC00767FD3 = {
						CreatedOnToolsVersion = 6.3;
						TestTargetID = F9087F3F1B1A37AC00767FD3;
					};
				};
			};
			buildConfigurationList = F9087F3B1B1A37AC00767FD3 /* Build configuration list for PBXProject "NoiseMaker" */;
			compatibilityVersion = "Xcode 3.2";
			developmentRegion = English;
			hasScannedForEncodings = 0;
			knownRegions = (
				en,
				Base,
			);
			mainGroup = F9087F371B1A37AC00767FD3;
			productRefGroup = F9087F411B1A37AC00767FD3 /* Products */;
			projectDirPath = "";
			projectRoot = "";
			targets = (
				F9087F3F1B1A37AC00767FD3 /* NoiseMaker */,
				F9087F541B1A37AC00767FD3 /* NoiseMakerTests */,
			);
		};
/* End PBXProject section */

/* Begin PBXResourcesBuildPhase section */
		F9087F3E1B1A37AC00767FD3 /* Resources */ = {
			isa = PBXResourcesBuildPhase;
			buildActionMask = 2147483647;
			files = (
				F9087F741B1B43A600767FD3 /* monster.wav in Resources */,
				F9087F731B1B43A600767FD3 /* guitar.wav in Resources */,
				F9087F4B1B1A37AC00767FD3 /* Main.storyboard in Resources */,
				F9087F721B1B43A600767FD3 /* bubbles.wav in Resources */,
				F9087F501B1A37AC00767FD3 /* LaunchScreen.xib in Resources */,
				F9087F4D1B1A37AC00767FD3 /* Images.xcassets in Resources */,
				F9087F711B1B43A600767FD3 /* applause.wav in Resources */,
			);
			runOnlyForDeploymentPostprocessing = 0;
		};
		F9087F531B1A37AC00767FD3 /* Resources */ = {
			isa = PBXResourcesBuildPhase;
			buildActionMask = 2147483647;
			files = (
			);
			runOnlyForDeploymentPostprocessing = 0;
		};
/* End PBXResourcesBuildPhase section */

/* Begin PBXSourcesBuildPhase section */
		F9087F3C1B1A37AC00767FD3 /* Sources */ = {
			isa = PBXSourcesBuildPhase;
			buildActionMask = 2147483647;
			files = (
				F9087F481B1A37AC00767FD3 /* ViewController.swift in Sources */,
				F9087F761B1B5BF400767FD3 /* NoiseMaker.swift in Sources */,
				F9087F461B1A37AC00767FD3 /* AppDelegate.swift in Sources */,
			);
			runOnlyForDeploymentPostprocessing = 0;
		};
		F9087F511B1A37AC00767FD3 /* Sources */ = {
			isa = PBXSourcesBuildPhase;
			buildActionMask = 2147483647;
			files = (
				F9087F5C1B1A37AC00767FD3 /* NoiseMakerTests.swift in Sources */,
			);
			runOnlyForDeploymentPostprocessing = 0;
		};
/* End PBXSourcesBuildPhase section */

/* Begin PBXTargetDependency section */
		F9087F571B1A37AC00767FD3 /* PBXTargetDependency */ = {
			isa = PBXTargetDependency;
			target = F9087F3F1B1A37AC00767FD3 /* NoiseMaker */;
			targetProxy = F9087F561B1A37AC00767FD3 /* PBXContainerItemProxy */;
		};
/* End PBXTargetDependency section */

/* Begin PBXVariantGroup section */
		F9087F491B1A37AC00767FD3 /* Main.storyboard */ = {
			isa = PBXVariantGroup;
			children = (
				F9087F4A1B1A37AC00767FD3 /* Base */,
			);
			name = Main.storyboard;
			sourceTree = "<group>";
		};
		F9087F4E1B1A37AC00767FD3 /* LaunchScreen.xib */ = {
			isa = PBXVariantGroup;
			children = (
				F9087F4F1B1A37AC00767FD3 /* Base */,
			);
			name = LaunchScreen.xib;
			sourceTree = "<group>";
		};
/* End PBXVariantGroup section */

/* Begin XCBuildConfiguration section */
		F9087F5D1B1A37AC00767FD3 /* Debug */ = {
			isa = XCBuildConfiguration;
			buildSettings = {
				ALWAYS_SEARCH_USER_PATHS = NO;
				CLANG_CXX_LANGUAGE_STANDARD = "gnu++0x";
				CLANG_CXX_LIBRARY = "libc++";
				CLANG_ENABLE_MODULES = YES;
				CLANG_ENABLE_OBJC_ARC = YES;
				CLANG_WARN_BOOL_CONVERSION = YES;
				CLANG_WARN_CONSTANT_CONVERSION = YES;
				CLANG_WARN_DIRECT_OBJC_ISA_USAGE = YES_ERROR;
				CLANG_WARN_EMPTY_BODY = YES;
				CLANG_WARN_ENUM_CONVERSION = YES;
				CLANG_WARN_INT_CONVERSION = YES;
				CLANG_WARN_OBJC_ROOT_CLASS = YES_ERROR;
				CLANG_WARN_UNREACHABLE_CODE = YES;
				CLANG_WARN__DUPLICATE_METHOD_MATCH = YES;
				"CODE_SIGN_IDENTITY[sdk=iphoneos*]" = "iPhone Developer";
				COPY_PHASE_STRIP = NO;
				DEBUG_INFORMATION_FORMAT = "dwarf-with-dsym";
				ENABLE_STRICT_OBJC_MSGSEND = YES;
				ENABLE_TESTABILITY = YES;
				GCC_C_LANGUAGE_STANDARD = gnu99;
				GCC_DYNAMIC_NO_PIC = NO;
				GCC_NO_COMMON_BLOCKS = YES;
				GCC_OPTIMIZATION_LEVEL = 0;
				GCC_PREPROCESSOR_DEFINITIONS = (
					"DEBUG=1",
					"$(inherited)",
				);
				GCC_SYMBOLS_PRIVATE_EXTERN = NO;
				GCC_WARN_64_TO_32_BIT_CONVERSION = YES;
				GCC_WARN_ABOUT_RETURN_TYPE = YES_ERROR;
				GCC_WARN_UNDECLARED_SELECTOR = YES;
				GCC_WARN_UNINITIALIZED_AUTOS = YES_AGGRESSIVE;
				GCC_WARN_UNUSED_FUNCTION = YES;
				GCC_WARN_UNUSED_VARIABLE = YES;
				IPHONEOS_DEPLOYMENT_TARGET = 8.3;
				MTL_ENABLE_DEBUG_INFO = YES;
				ONLY_ACTIVE_ARCH = YES;
				SDKROOT = iphoneos;
				SWIFT_OPTIMIZATION_LEVEL = "-Onone";
				TARGETED_DEVICE_FAMILY = "1,2";
			};
			name = Debug;
		};
		F9087F5E1B1A37AC00767FD3 /* Release */ = {
			isa = XCBuildConfiguration;
			buildSettings = {
				ALWAYS_SEARCH_USER_PATHS = NO;
				CLANG_CXX_LANGUAGE_STANDARD = "gnu++0x";
				CLANG_CXX_LIBRARY = "libc++";
				CLANG_ENABLE_MODULES = YES;
				CLANG_ENABLE_OBJC_ARC = YES;
				CLANG_WARN_BOOL_CONVERSION = YES;
				CLANG_WARN_CONSTANT_CONVERSION = YES;
				CLANG_WARN_DIRECT_OBJC_ISA_USAGE = YES_ERROR;
				CLANG_WARN_EMPTY_BODY = YES;
				CLANG_WARN_ENUM_CONVERSION = YES;
				CLANG_WARN_INT_CONVERSION = YES;
				CLANG_WARN_OBJC_ROOT_CLASS = YES_ERROR;
				CLANG_WARN_UNREACHABLE_CODE = YES;
				CLANG_WARN__DUPLICATE_METHOD_MATCH = YES;
				"CODE_SIGN_IDENTITY[sdk=iphoneos*]" = "iPhone Developer";
				COPY_PHASE_STRIP = NO;
				DEBUG_INFORMATION_FORMAT = "dwarf-with-dsym";
				ENABLE_NS_ASSERTIONS = NO;
				ENABLE_STRICT_OBJC_MSGSEND = YES;
				GCC_C_LANGUAGE_STANDARD = gnu99;
				GCC_NO_COMMON_BLOCKS = YES;
				GCC_WARN_64_TO_32_BIT_CONVERSION = YES;
				GCC_WARN_ABOUT_RETURN_TYPE = YES_ERROR;
				GCC_WARN_UNDECLARED_SELECTOR = YES;
				GCC_WARN_UNINITIALIZED_AUTOS = YES_AGGRESSIVE;
				GCC_WARN_UNUSED_FUNCTION = YES;
				GCC_WARN_UNUSED_VARIABLE = YES;
				IPHONEOS_DEPLOYMENT_TARGET = 8.3;
				MTL_ENABLE_DEBUG_INFO = NO;
				SDKROOT = iphoneos;
				TARGETED_DEVICE_FAMILY = "1,2";
				VALIDATE_PRODUCT = YES;
			};
			name = Release;
		};
		F9087F601B1A37AC00767FD3 /* Debug */ = {
			isa = XCBuildConfiguration;
			buildSettings = {
				ASSETCATALOG_COMPILER_APPICON_NAME = AppIcon;
				INFOPLIST_FILE = NoiseMaker/Info.plist;
				LD_RUNPATH_SEARCH_PATHS = "$(inherited) @executable_path/Frameworks";
				PRODUCT_BUNDLE_IDENTIFIER = "edu.yourschool.$(PRODUCT_NAME:rfc1034identifier)";
				PRODUCT_NAME = "$(TARGET_NAME)";
			};
			name = Debug;
		};
		F9087F611B1A37AC00767FD3 /* Release */ = {
			isa = XCBuildConfiguration;
			buildSettings = {
				ASSETCATALOG_COMPILER_APPICON_NAME = AppIcon;
				INFOPLIST_FILE = NoiseMaker/Info.plist;
				LD_RUNPATH_SEARCH_PATHS = "$(inherited) @executable_path/Frameworks";
				PRODUCT_BUNDLE_IDENTIFIER = "edu.yourschool.$(PRODUCT_NAME:rfc1034identifier)";
				PRODUCT_NAME = "$(TARGET_NAME)";
			};
			name = Release;
		};
		F9087F631B1A37AC00767FD3 /* Debug */ = {
			isa = XCBuildConfiguration;
			buildSettings = {
				BUNDLE_LOADER = "$(TEST_HOST)";
				FRAMEWORK_SEARCH_PATHS = (
					"$(SDKROOT)/Developer/Library/Frameworks",
					"$(inherited)",
				);
				GCC_PREPROCESSOR_DEFINITIONS = (
					"DEBUG=1",
					"$(inherited)",
				);
				INFOPLIST_FILE = NoiseMakerTests/Info.plist;
				LD_RUNPATH_SEARCH_PATHS = "$(inherited) @executable_path/Frameworks @loader_path/Frameworks";
				PRODUCT_BUNDLE_IDENTIFIER = "edu.yourschool.$(PRODUCT_NAME:rfc1034identifier)";
				PRODUCT_NAME = "$(TARGET_NAME)";
				TEST_HOST = "$(BUILT_PRODUCTS_DIR)/NoiseMaker.app/NoiseMaker";
			};
			name = Debug;
		};
		F9087F641B1A37AC00767FD3 /* Release */ = {
			isa = XCBuildConfiguration;
			buildSettings = {
				BUNDLE_LOADER = "$(TEST_HOST)";
				FRAMEWORK_SEARCH_PATHS = (
					"$(SDKROOT)/Developer/Library/Frameworks",
					"$(inherited)",
				);
				INFOPLIST_FILE = NoiseMakerTests/Info.plist;
				LD_RUNPATH_SEARCH_PATHS = "$(inherited) @executable_path/Frameworks @loader_path/Frameworks";
				PRODUCT_BUNDLE_IDENTIFIER = "edu.yourschool.$(PRODUCT_NAME:rfc1034identifier)";
				PRODUCT_NAME = "$(TARGET_NAME)";
				TEST_HOST = "$(BUILT_PRODUCTS_DIR)/NoiseMaker.app/NoiseMaker";
			};
			name = Release;
		};
/* End XCBuildConfiguration section */

/* Begin XCConfigurationList section */
		F9087F3B1B1A37AC00767FD3 /* Build configuration list for PBXProject "NoiseMaker" */ = {
			isa = XCConfigurationList;
			buildConfigurations = (
				F9087F5D1B1A37AC00767FD3 /* Debug */,
				F9087F5E1B1A37AC00767FD3 /* Release */,
			);
			defaultConfigurationIsVisible = 0;
			defaultConfigurationName = Release;
		};
		F9087F5F1B1A37AC00767FD3 /* Build configuration list for PBXNativeTarget "NoiseMaker" */ = {
			isa = XCConfigurationList;
			buildConfigurations = (
				F9087F601B1A37AC00767FD3 /* Debug */,
				F9087F611B1A37AC00767FD3 /* Release */,
			);
			defaultConfigurationIsVisible = 0;
			defaultConfigurationName = Release;
		};
		F9087F621B1A37AC00767FD3 /* Build configuration list for PBXNativeTarget "NoiseMakerTests" */ = {
			isa = XCConfigurationList;
			buildConfigurations = (
				F9087F631B1A37AC00767FD3 /* Debug */,
				F9087F641B1A37AC00767FD3 /* Release */,
			);
			defaultConfigurationIsVisible = 0;
			defaultConfigurationName = Release;
		};
/* End XCConfigurationList section */
	};
	rootObject = F9087F381B1A37AC00767FD3 /* Project object */;
}
